{
  "name": "co-auto-research",
  "version": "2.0.0",
  "lockfileVersion": 3,
  "requires": true,
  "packages": {
    "": {
      "name": "co-auto-research",
      "version": "2.0.0",
      "license": "Apache-2.0",
      "bin": {
        "auto-research": "bin/auto-research.js",
        "co-auto-research": "bin/auto-research.js"
      },
      "engines": {
        "node": ">=20"
      }
    }
  }
}
